
Microsoft Visual Studio Solution File, Format Version 12.00
# Visual Studio for Mac
Project("{FAE04EC0-301F-11D3-BF4B-00C04F79EFBC}") = "Soccer", "Assembly-CSharp-firstpass.csproj", "{78EE64E8-2B6F-FE42-9CE5-8A300E56F1F3}"
EndProject
Project("{FAE04EC0-301F-11D3-BF4B-00C04F79EFBC}") = "Soccer", "Assembly-CSharp.csproj", "{A009C229-7B2C-593D-CB3D-AAD1B5A2123A}"
EndProject
Project("{FAE04EC0-301F-11D3-BF4B-00C04F79EFBC}") = "Soccer", "Assembly-CSharp-Editor-firstpass.csproj", "{4D0EAD3B-5E6D-F994-2E66-8B7201FC54A5}"
EndProject
Global
	GlobalSection(SolutionConfigurationPlatforms) = preSolution
		Debug|Any CPU = Debug|Any CPU
		Release|Any CPU = Release|Any CPU
	EndGlobalSection
	GlobalSection(ProjectConfigurationPlatforms) = postSolution
		{78EE64E8-2B6F-FE42-9CE5-8A300E56F1F3}.Debug|Any CPU.ActiveCfg = Debug|Any CPU
		{78EE64E8-2B6F-FE42-9CE5-8A300E56F1F3}.Debug|Any CPU.Build.0 = Debug|Any CPU
		{78EE64E8-2B6F-FE42-9CE5-8A300E56F1F3}.Release|Any CPU.ActiveCfg = Release|Any CPU
		{78EE64E8-2B6F-FE42-9CE5-8A300E56F1F3}.Release|Any CPU.Build.0 = Release|Any CPU
		{A009C229-7B2C-593D-CB3D-AAD1B5A2123A}.Debug|Any CPU.ActiveCfg = Debug|Any CPU
		{A009C229-7B2C-593D-CB3D-AAD1B5A2123A}.Debug|Any CPU.Build.0 = Debug|Any CPU
		{A009C229-7B2C-593D-CB3D-AAD1B5A2123A}.Release|Any CPU.ActiveCfg = Release|Any CPU
		{A009C229-7B2C-593D-CB3D-AAD1B5A2123A}.Release|Any CPU.Build.0 = Release|Any CPU
		{4D0EAD3B-5E6D-F994-2E66-8B7201FC54A5}.Debug|Any CPU.ActiveCfg = Debug|Any CPU
		{4D0EAD3B-5E6D-F994-2E66-8B7201FC54A5}.Debug|Any CPU.Build.0 = Debug|Any CPU
		{4D0EAD3B-5E6D-F994-2E66-8B7201FC54A5}.Release|Any CPU.ActiveCfg = Release|Any CPU
		{4D0EAD3B-5E6D-F994-2E66-8B7201FC54A5}.Release|Any CPU.Build.0 = Release|Any CPU
	EndGlobalSection
	GlobalSection(SolutionProperties) = preSolution
		HideSolutionNode = FALSE
	EndGlobalSection
EndGlobal
